
Microsoft Visual Studio Solution File, Format Version 12.00
# Visual Studio Version 17
VisualStudioVersion = 17.2.32526.322
MinimumVisualStudioVersion = 10.0.40219.1
Project("{9A19103F-16F7-4668-BE54-9A1E7A4F7556}") = "Reclone-Auth-Service", "Reclone-Auth-Service\Reclone-Auth-Service.csproj", "{7E0C128D-9778-44AB-86CA-245CC06C8B7A}"
EndProject
Project("{FAE04EC0-301F-11D3-BF4B-00C04F79EFBC}") = "Auth-Test-Project", "Auth-Test-Project\Auth-Test-Project.csproj", "{C2F28E54-30FC-47A0-9E5E-FD7C8A7FDCC1}"
EndProject
Global
	GlobalSection(SolutionConfigurationPlatforms) = preSolution
		Debug|Any CPU = Debug|Any CPU
		Release|Any CPU = Release|Any CPU
	EndGlobalSection
	GlobalSection(ProjectConfigurationPlatforms) = postSolution
		{7E0C128D-9778-44AB-86CA-245CC06C8B7A}.Debug|Any CPU.ActiveCfg = Debug|Any CPU
		{7E0C128D-9778-44AB-86CA-245CC06C8B7A}.Debug|Any CPU.Build.0 = Debug|Any CPU
		{7E0C128D-9778-44AB-86CA-245CC06C8B7A}.Release|Any CPU.ActiveCfg = Release|Any CPU
		{7E0C128D-9778-44AB-86CA-245CC06C8B7A}.Release|Any CPU.Build.0 = Release|Any CPU
		{C2F28E54-30FC-47A0-9E5E-FD7C8A7FDCC1}.Debug|Any CPU.ActiveCfg = Debug|Any CPU
		{C2F28E54-30FC-47A0-9E5E-FD7C8A7FDCC1}.Debug|Any CPU.Build.0 = Debug|Any CPU
		{C2F28E54-30FC-47A0-9E5E-FD7C8A7FDCC1}.Release|Any CPU.ActiveCfg = Release|Any CPU
		{C2F28E54-30FC-47A0-9E5E-FD7C8A7FDCC1}.Release|Any CPU.Build.0 = Release|Any CPU
	EndGlobalSection
	GlobalSection(SolutionProperties) = preSolution
		HideSolutionNode = FALSE
	EndGlobalSection
	GlobalSection(ExtensibilityGlobals) = postSolution
		SolutionGuid = {7E3FE7CF-9E36-4F9D-A71A-582A942A49D8}
	EndGlobalSection
EndGlobal
